// !$*UTF8*$!
{
	archiveVersion = 1;
	classes = {
	};
	objectVersion = 50;
	objects = {

/* Begin PBXBuildFile section */
		D2834111238CA3BD00C992F0 /* AppDelegate.swift in Sources */ = {isa = PBXBuildFile; fileRef = D2834110238CA3BD00C992F0 /* AppDelegate.swift */; };
		D2834113238CA3BD00C992F0 /* SceneDelegate.swift in Sources */ = {isa = PBXBuildFile; fileRef = D2834112238CA3BD00C992F0 /* SceneDelegate.swift */; };
		D2834115238CA3BD00C992F0 /* ViewController.swift in Sources */ = {isa = PBXBuildFile; fileRef = D2834114238CA3BD00C992F0 /* ViewController.swift */; };
		D2834118238CA3BD00C992F0 /* Main.storyboard in Resources */ = {isa = PBXBuildFile; fileRef = D2834116238CA3BD00C992F0 /* Main.storyboard */; };
		D283411A238CA3BE00C992F0 /* Assets.xcassets in Resources */ = {isa = PBXBuildFile; fileRef = D2834119238CA3BE00C992F0 /* Assets.xcassets */; };
		D283411D238CA3BE00C992F0 /* LaunchScreen.storyboard in Resources */ = {isa = PBXBuildFile; fileRef = D283411B238CA3BE00C992F0 /* LaunchScreen.storyboard */; };
		D2834128238CA3BF00C992F0 /* MemeMakerTests.swift in Sources */ = {isa = PBXBuildFile; fileRef = D2834127238CA3BF00C992F0 /* MemeMakerTests.swift */; };
		D2834134238D06AF00C992F0 /* UIView.swift in Sources */ = {isa = PBXBuildFile; fileRef = D2834133238D06AF00C992F0 /* UIView.swift */; };
		D2834138238DB6C200C992F0 /* IMPACTED.ttf in Resources */ = {isa = PBXBuildFile; fileRef = D2834137238DB6C200C992F0 /* IMPACTED.ttf */; };
		D283413A238FA92E00C992F0 /* ViewController+ImagePicker.swift in Sources */ = {isa = PBXBuildFile; fileRef = D2834139238FA92E00C992F0 /* ViewController+ImagePicker.swift */; };
		D283413C238FAE4200C992F0 /* Orientation.swift in Sources */ = {isa = PBXBuildFile; fileRef = D283413B238FAE4200C992F0 /* Orientation.swift */; };
		D283413E238FB22800C992F0 /* Composer.swift in Sources */ = {isa = PBXBuildFile; fileRef = D283413D238FB22800C992F0 /* Composer.swift */; };
		D2834140238FBE4600C992F0 /* UIButton+Style.swift in Sources */ = {isa = PBXBuildFile; fileRef = D283413F238FBE4600C992F0 /* UIButton+Style.swift */; };
		D2834142238FBE7800C992F0 /* UITextView+Style.swift in Sources */ = {isa = PBXBuildFile; fileRef = D2834141238FBE7800C992F0 /* UITextView+Style.swift */; };
		D2834144238FBEA900C992F0 /* UIView+Style.swift in Sources */ = {isa = PBXBuildFile; fileRef = D2834143238FBEA900C992F0 /* UIView+Style.swift */; };
		D2834146238FBF5400C992F0 /* ViewControllerPreview.swift in Sources */ = {isa = PBXBuildFile; fileRef = D2834145238FBF5400C992F0 /* ViewControllerPreview.swift */; };
		D2834149238FC0F000C992F0 /* ViewController+SetupViews.swift in Sources */ = {isa = PBXBuildFile; fileRef = D2834148238FC0F000C992F0 /* ViewController+SetupViews.swift */; };
/* End PBXBuildFile section */

/* Begin PBXContainerItemProxy section */
		D2834124238CA3BE00C992F0 /* PBXContainerItemProxy */ = {
			isa = PBXContainerItemProxy;
			containerPortal = D2834105238CA3BD00C992F0 /* Project object */;
			proxyType = 1;
			remoteGlobalIDString = D283410C238CA3BD00C992F0;
			remoteInfo = MemeMaker;
		};
/* End PBXContainerItemProxy section */

/* Begin PBXFileReference section */
		D283410D238CA3BD00C992F0 /* MemeMaker.app */ = {isa = PBXFileReference; explicitFileType = wrapper.application; includeInIndex = 0; path = MemeMaker.app; sourceTree = BUILT_PRODUCTS_DIR; };
		D2834110238CA3BD00C992F0 /* AppDelegate.swift */ = {isa = PBXFileReference; lastKnownFileType = sourcecode.swift; path = AppDelegate.swift; sourceTree = "<group>"; };
		D2834112238CA3BD00C992F0 /* SceneDelegate.swift */ = {isa = PBXFileReference; lastKnownFileType = sourcecode.swift; path = SceneDelegate.swift; sourceTree = "<group>"; };
		D2834114238CA3BD00C992F0 /* ViewController.swift */ = {isa = PBXFileReference; lastKnownFileType = sourcecode.swift; path = ViewController.swift; sourceTree = "<group>"; };
		D2834117238CA3BD00C992F0 /* Base */ = {isa = PBXFileReference; lastKnownFileType = file.storyboard; name = Base; path = Base.lproj/Main.storyboard; sourceTree = "<group>"; };
		D2834119238CA3BE00C992F0 /* Assets.xcassets */ = {isa = PBXFileReference; lastKnownFileType = folder.assetcatalog; path = Assets.xcassets; sourceTree = "<group>"; };
		D283411C238CA3BE00C992F0 /* Base */ = {isa = PBXFileReference; lastKnownFileType = file.storyboard; name = Base; path = Base.lproj/LaunchScreen.storyboard; sourceTree = "<group>"; };
		D283411E238CA3BE00C992F0 /* Info.plist */ = {isa = PBXFileReference; lastKnownFileType = text.plist.xml; path = Info.plist; sourceTree = "<group>"; };
		D2834123238CA3BE00C992F0 /* MemeMakerTests.xctest */ = {isa = PBXFileReference; explicitFileType = wrapper.cfbundle; includeInIndex = 0; path = MemeMakerTests.xctest; sourceTree = BUILT_PRODUCTS_DIR; };
		D2834127238CA3BF00C992F0 /* MemeMakerTests.swift */ = {isa = PBXFileReference; lastKnownFileType = sourcecode.swift; path = MemeMakerTests.swift; sourceTree = "<group>"; };
		D2834129238CA3BF00C992F0 /* Info.plist */ = {isa = PBXFileReference; lastKnownFileType = text.plist.xml; path = Info.plist; sourceTree = "<group>"; };
		D2834133238D06AF00C992F0 /* UIView.swift */ = {isa = PBXFileReference; lastKnownFileType = sourcecode.swift; path = UIView.swift; sourceTree = "<group>"; };
		D2834137238DB6C200C992F0 /* IMPACTED.ttf */ = {isa = PBXFileReference; lastKnownFileType = file; path = IMPACTED.ttf; sourceTree = "<group>"; };
		D2834139238FA92E00C992F0 /* ViewController+ImagePicker.swift */ = {isa = PBXFileReference; lastKnownFileType = sourcecode.swift; path = "ViewController+ImagePicker.swift"; sourceTree = "<group>"; };
		D283413B238FAE4200C992F0 /* Orientation.swift */ = {isa = PBXFileReference; lastKnownFileType = sourcecode.swift; path = Orientation.swift; sourceTree = "<group>"; };
		D283413D238FB22800C992F0 /* Composer.swift */ = {isa = PBXFileReference; lastKnownFileType = sourcecode.swift; path = Composer.swift; sourceTree = "<group>"; };
		D283413F238FBE4600C992F0 /* UIButton+Style.swift */ = {isa = PBXFileReference; lastKnownFileType = sourcecode.swift; path = "UIButton+Style.swift"; sourceTree = "<group>"; };
		D2834141238FBE7800C992F0 /* UITextView+Style.swift */ = {isa = PBXFileReference; lastKnownFileType = sourcecode.swift; path = "UITextView+Style.swift"; sourceTree = "<group>"; };
		D2834143238FBEA900C992F0 /* UIView+Style.swift */ = {isa = PBXFileReference; lastKnownFileType = sourcecode.swift; path = "UIView+Style.swift"; sourceTree = "<group>"; };
		D2834145238FBF5400C992F0 /* ViewControllerPreview.swift */ = {isa = PBXFileReference; lastKnownFileType = sourcecode.swift; path = ViewControllerPreview.swift; sourceTree = "<group>"; };
		D2834148238FC0F000C992F0 /* ViewController+SetupViews.swift */ = {isa = PBXFileReference; lastKnownFileType = sourcecode.swift; path = "ViewController+SetupViews.swift"; sourceTree = "<group>"; };
/* End PBXFileReference section */

/* Begin PBXFrameworksBuildPhase section */
		D283410A238CA3BD00C992F0 /* Frameworks */ = {
			isa = PBXFrameworksBuildPhase;
			buildActionMask = 2147483647;
			files = (
			);
			runOnlyForDeploymentPostprocessing = 0;
		};
		D2834120238CA3BE00C992F0 /* Frameworks */ = {
			isa = PBXFrameworksBuildPhase;
			buildActionMask = 2147483647;
			files = (
			);
			runOnlyForDeploymentPostprocessing = 0;
		};
/* End PBXFrameworksBuildPhase section */

/* Begin PBXGroup section */
		D2834104238CA3BD00C992F0 = {
			isa = PBXGroup;
			children = (
				D283410F238CA3BD00C992F0 /* MemeMaker */,
				D2834126238CA3BF00C992F0 /* MemeMakerTests */,
				D283410E238CA3BD00C992F0 /* Products */,
			);
			sourceTree = "<group>";
		};
		D283410E238CA3BD00C992F0 /* Products */ = {
			isa = PBXGroup;
			children = (
				D283410D238CA3BD00C992F0 /* MemeMaker.app */,
				D2834123238CA3BE00C992F0 /* MemeMakerTests.xctest */,
			);
			name = Products;
			sourceTree = "<group>";
		};
		D283410F238CA3BD00C992F0 /* MemeMaker */ = {
			isa = PBXGroup;
			children = (
				D2834137238DB6C200C992F0 /* IMPACTED.ttf */,
				D2834132238D069A00C992F0 /* Extensions */,
				D2834110238CA3BD00C992F0 /* AppDelegate.swift */,
				D2834112238CA3BD00C992F0 /* SceneDelegate.swift */,
				D2834116238CA3BD00C992F0 /* Main.storyboard */,
				D2834119238CA3BE00C992F0 /* Assets.xcassets */,
				D283411B238CA3BE00C992F0 /* LaunchScreen.storyboard */,
				D283411E238CA3BE00C992F0 /* Info.plist */,
				D2834147238FC0C800C992F0 /* View Controller */,
				D283413B238FAE4200C992F0 /* Orientation.swift */,
			);
			path = MemeMaker;
			sourceTree = "<group>";
		};
		D2834126238CA3BF00C992F0 /* MemeMakerTests */ = {
			isa = PBXGroup;
			children = (
				D2834127238CA3BF00C992F0 /* MemeMakerTests.swift */,
				D2834129238CA3BF00C992F0 /* Info.plist */,
			);
			path = MemeMakerTests;
			sourceTree = "<group>";
		};
		D2834132238D069A00C992F0 /* Extensions */ = {
			isa = PBXGroup;
			children = (
				D2834133238D06AF00C992F0 /* UIView.swift */,
				D283413F238FBE4600C992F0 /* UIButton+Style.swift */,
				D2834141238FBE7800C992F0 /* UITextView+Style.swift */,
				D2834143238FBEA900C992F0 /* UIView+Style.swift */,
			);
			path = Extensions;
			sourceTree = "<group>";
		};
		D2834147238FC0C800C992F0 /* View Controller */ = {
			isa = PBXGroup;
			children = (
				D2834114238CA3BD00C992F0 /* ViewController.swift */,
				D2834139238FA92E00C992F0 /* ViewController+ImagePicker.swift */,
				D283413D238FB22800C992F0 /* Composer.swift */,
				D2834145238FBF5400C992F0 /* ViewControllerPreview.swift */,
				D2834148238FC0F000C992F0 /* ViewController+SetupViews.swift */,
			);
			path = "View Controller";
			sourceTree = "<group>";
		};
/* End PBXGroup section */

/* Begin PBXNativeTarget section */
		D283410C238CA3BD00C992F0 /* MemeMaker */ = {
			isa = PBXNativeTarget;
			buildConfigurationList = D283412C238CA3BF00C992F0 /* Build configuration list for PBXNativeTarget "MemeMaker" */;
			buildPhases = (
				D2834109238CA3BD00C992F0 /* Sources */,
				D283410A238CA3BD00C992F0 /* Frameworks */,
				D283410B238CA3BD00C992F0 /* Resources */,
			);
			buildRules = (
			);
			dependencies = (
			);
			name = MemeMaker;
			productName = MemeMaker;
			productReference = D283410D238CA3BD00C992F0 /* MemeMaker.app */;
			productType = "com.apple.product-type.application";
		};
		D2834122238CA3BE00C992F0 /* MemeMakerTests */ = {
			isa = PBXNativeTarget;
			buildConfigurationList = D283412F238CA3BF00C992F0 /* Build configuration list for PBXNativeTarget "MemeMakerTests" */;
			buildPhases = (
				D283411F238CA3BE00C992F0 /* Sources */,
				D2834120238CA3BE00C992F0 /* Frameworks */,
				D2834121238CA3BE00C992F0 /* Resources */,
			);
			buildRules = (
			);
			dependencies = (
				D2834125238CA3BE00C992F0 /* PBXTargetDependency */,
			);
			name = MemeMakerTests;
			productName = MemeMakerTests;
			productReference = D2834123238CA3BE00C992F0 /* MemeMakerTests.xctest */;
			productType = "com.apple.product-type.bundle.unit-test";
		};
/* End PBXNativeTarget section */

/* Begin PBXProject section */
		D2834105238CA3BD00C992F0 /* Project object */ = {
			isa = PBXProject;
			attributes = {
				LastSwiftUpdateCheck = 1120;
				LastUpgradeCheck = 1120;
				ORGANIZATIONNAME = "Oscar Alvarez Hidalgo";
				TargetAttributes = {
					D283410C238CA3BD00C992F0 = {
						CreatedOnToolsVersion = 11.2.1;
					};
					D2834122238CA3BE00C992F0 = {
						CreatedOnToolsVersion = 11.2.1;
						TestTargetID = D283410C238CA3BD00C992F0;
					};
				};
			};
			buildConfigurationList = D2834108238CA3BD00C992F0 /* Build configuration list for PBXProject "MemeMaker" */;
			compatibilityVersion = "Xcode 9.3";
			developmentRegion = en;
			hasScannedForEncodings = 0;
			knownRegions = (
				en,
				Base,
			);
			mainGroup = D2834104238CA3BD00C992F0;
			productRefGroup = D283410E238CA3BD00C992F0 /* Products */;
			projectDirPath = "";
			projectRoot = "";
			targets = (
				D283410C238CA3BD00C992F0 /* MemeMaker */,
				D2834122238CA3BE00C992F0 /* MemeMakerTests */,
			);
		};
/* End PBXProject section */

/* Begin PBXResourcesBuildPhase section */
		D283410B238CA3BD00C992F0 /* Resources */ = {
			isa = PBXResourcesBuildPhase;
			buildActionMask = 2147483647;
			files = (
				D283411D238CA3BE00C992F0 /* LaunchScreen.storyboard in Resources */,
				D283411A238CA3BE00C992F0 /* Assets.xcassets in Resources */,
				D2834118238CA3BD00C992F0 /* Main.storyboard in Resources */,
				D2834138238DB6C200C992F0 /* IMPACTED.ttf in Resources */,
			);
			runOnlyForDeploymentPostprocessing = 0;
		};
		D2834121238CA3BE00C992F0 /* Resources */ = {
			isa = PBXResourcesBuildPhase;
			buildActionMask = 2147483647;
			files = (
			);
			runOnlyForDeploymentPostprocessing = 0;
		};
/* End PBXResourcesBuildPhase section */

/* Begin PBXSourcesBuildPhase section */
		D2834109238CA3BD00C992F0 /* Sources */ = {
			isa = PBXSourcesBuildPhase;
			buildActionMask = 2147483647;
			files = (
				D2834134238D06AF00C992F0 /* UIView.swift in Sources */,
				D283413E238FB22800C992F0 /* Composer.swift in Sources */,
				D283413A238FA92E00C992F0 /* ViewController+ImagePicker.swift in Sources */,
				D283413C238FAE4200C992F0 /* Orientation.swift in Sources */,
				D2834115238CA3BD00C992F0 /* ViewController.swift in Sources */,
				D2834111238CA3BD00C992F0 /* AppDelegate.swift in Sources */,
				D2834146238FBF5400C992F0 /* ViewControllerPreview.swift in Sources */,
				D2834142238FBE7800C992F0 /* UITextView+Style.swift in Sources */,
				D2834113238CA3BD00C992F0 /* SceneDelegate.swift in Sources */,
				D2834144238FBEA900C992F0 /* UIView+Style.swift in Sources */,
				D2834140238FBE4600C992F0 /* UIButton+Style.swift in Sources */,
				D2834149238FC0F000C992F0 /* ViewController+SetupViews.swift in Sources */,
			);
			runOnlyForDeploymentPostprocessing = 0;
		};
		D283411F238CA3BE00C992F0 /* Sources */ = {
			isa = PBXSourcesBuildPhase;
			buildActionMask = 2147483647;
			files = (
				D2834128238CA3BF00C992F0 /* MemeMakerTests.swift in Sources */,
			);
			runOnlyForDeploymentPostprocessing = 0;
		};
/* End PBXSourcesBuildPhase section */

/* Begin PBXTargetDependency section */
		D2834125238CA3BE00C992F0 /* PBXTargetDependency */ = {
			isa = PBXTargetDependency;
			target = D283410C238CA3BD00C992F0 /* MemeMaker */;
			targetProxy = D2834124238CA3BE00C992F0 /* PBXContainerItemProxy */;
		};
/* End PBXTargetDependency section */

/* Begin PBXVariantGroup section */
		D2834116238CA3BD00C992F0 /* Main.storyboard */ = {
			isa = PBXVariantGroup;
			children = (
				D2834117238CA3BD00C992F0 /* Base */,
			);
			name = Main.storyboard;
			sourceTree = "<group>";
		};
		D283411B238CA3BE00C992F0 /* LaunchScreen.storyboard */ = {
			isa = PBXVariantGroup;
			children = (
				D283411C238CA3BE00C992F0 /* Base */,
			);
			name = LaunchScreen.storyboard;
			sourceTree = "<group>";
		};
/* End PBXVariantGroup section */

/* Begin XCBuildConfiguration section */
		D283412A238CA3BF00C992F0 /* Debug */ = {
			isa = XCBuildConfiguration;
			buildSettings = {
				ALWAYS_SEARCH_USER_PATHS = NO;
				CLANG_ANALYZER_NONNULL = YES;
				CLANG_ANALYZER_NUMBER_OBJECT_CONVERSION = YES_AGGRESSIVE;
				CLANG_CXX_LANGUAGE_STANDARD = "gnu++14";
				CLANG_CXX_LIBRARY = "libc++";
				CLANG_ENABLE_MODULES = YES;
				CLANG_ENABLE_OBJC_ARC = YES;
				CLANG_ENABLE_OBJC_WEAK = YES;
				CLANG_WARN_BLOCK_CAPTURE_AUTORELEASING = YES;
				CLANG_WARN_BOOL_CONVERSION = YES;
				CLANG_WARN_COMMA = YES;
				CLANG_WARN_CONSTANT_CONVERSION = YES;
				CLANG_WARN_DEPRECATED_OBJC_IMPLEMENTATIONS = YES;
				CLANG_WARN_DIRECT_OBJC_ISA_USAGE = YES_ERROR;
				CLANG_WARN_DOCUMENTATION_COMMENTS = YES;
				CLANG_WARN_EMPTY_BODY = YES;
				CLANG_WARN_ENUM_CONVERSION = YES;
				CLANG_WARN_INFINITE_RECURSION = YES;
				CLANG_WARN_INT_CONVERSION = YES;
				CLANG_WARN_NON_LITERAL_NULL_CONVERSION = YES;
				CLANG_WARN_OBJC_IMPLICIT_RETAIN_SELF = YES;
				CLANG_WARN_OBJC_LITERAL_CONVERSION = YES;
				CLANG_WARN_OBJC_ROOT_CLASS = YES_ERROR;
				CLANG_WARN_RANGE_LOOP_ANALYSIS = YES;
				CLANG_WARN_STRICT_PROTOTYPES = YES;
				CLANG_WARN_SUSPICIOUS_MOVE = YES;
				CLANG_WARN_UNGUARDED_AVAILABILITY = YES_AGGRESSIVE;
				CLANG_WARN_UNREACHABLE_CODE = YES;
				CLANG_WARN__DUPLICATE_METHOD_MATCH = YES;
				COPY_PHASE_STRIP = NO;
				DEBUG_INFORMATION_FORMAT = dwarf;
				ENABLE_STRICT_OBJC_MSGSEND = YES;
				ENABLE_TESTABILITY = YES;
				GCC_C_LANGUAGE_STANDARD = gnu11;
				GCC_DYNAMIC_NO_PIC = NO;
				GCC_NO_COMMON_BLOCKS = YES;
				GCC_OPTIMIZATION_LEVEL = 0;
				GCC_PREPROCESSOR_DEFINITIONS = (
					"DEBUG=1",
					"$(inherited)",
				);
				GCC_WARN_64_TO_32_BIT_CONVERSION = YES;
				GCC_WARN_ABOUT_RETURN_TYPE = YES_ERROR;
				GCC_WARN_UNDECLARED_SELECTOR = YES;
				GCC_WARN_UNINITIALIZED_AUTOS = YES_AGGRESSIVE;
				GCC_WARN_UNUSED_FUNCTION = YES;
				GCC_WARN_UNUSED_VARIABLE = YES;
				IPHONEOS_DEPLOYMENT_TARGET = 13.2;
				MTL_ENABLE_DEBUG_INFO = INCLUDE_SOURCE;
				MTL_FAST_MATH = YES;
				ONLY_ACTIVE_ARCH = YES;
				SDKROOT = iphoneos;
				SWIFT_ACTIVE_COMPILATION_CONDITIONS = DEBUG;
				SWIFT_OPTIMIZATION_LEVEL = "-Onone";
			};
			name = Debug;
		};
		D283412B238CA3BF00C992F0 /* Release */ = {
			isa = XCBuildConfiguration;
			buildSettings = {
				ALWAYS_SEARCH_USER_PATHS = NO;
				CLANG_ANALYZER_NONNULL = YES;
				CLANG_ANALYZER_NUMBER_OBJECT_CONVERSION = YES_AGGRESSIVE;
				CLANG_CXX_LANGUAGE_STANDARD = "gnu++14";
				CLANG_CXX_LIBRARY = "libc++";
				CLANG_ENABLE_MODULES = YES;
				CLANG_ENABLE_OBJC_ARC = YES;
				CLANG_ENABLE_OBJC_WEAK = YES;
				CLANG_WARN_BLOCK_CAPTURE_AUTORELEASING = YES;
				CLANG_WARN_BOOL_CONVERSION = YES;
				CLANG_WARN_COMMA = YES;
				CLANG_WARN_CONSTANT_CONVERSION = YES;
				CLANG_WARN_DEPRECATED_OBJC_IMPLEMENTATIONS = YES;
				CLANG_WARN_DIRECT_OBJC_ISA_USAGE = YES_ERROR;
				CLANG_WARN_DOCUMENTATION_COMMENTS = YES;
				CLANG_WARN_EMPTY_BODY = YES;
				CLANG_WARN_ENUM_CONVERSION = YES;
				CLANG_WARN_INFINITE_RECURSION = YES;
				CLANG_WARN_INT_CONVERSION = YES;
				CLANG_WARN_NON_LITERAL_NULL_CONVERSION = YES;
				CLANG_WARN_OBJC_IMPLICIT_RETAIN_SELF = YES;
				CLANG_WARN_OBJC_LITERAL_CONVERSION = YES;
				CLANG_WARN_OBJC_ROOT_CLASS = YES_ERROR;
				CLANG_WARN_RANGE_LOOP_ANALYSIS = YES;
				CLANG_WARN_STRICT_PROTOTYPES = YES;
				CLANG_WARN_SUSPICIOUS_MOVE = YES;
				CLANG_WARN_UNGUARDED_AVAILABILITY = YES_AGGRESSIVE;
				CLANG_WARN_UNREACHABLE_CODE = YES;
				CLANG_WARN__DUPLICATE_METHOD_MATCH = YES;
				COPY_PHASE_STRIP = NO;
				DEBUG_INFORMATION_FORMAT = "dwarf-with-dsym";
				ENABLE_NS_ASSERTIONS = NO;
				ENABLE_STRICT_OBJC_MSGSEND = YES;
				GCC_C_LANGUAGE_STANDARD = gnu11;
				GCC_NO_COMMON_BLOCKS = YES;
				GCC_WARN_64_TO_32_BIT_CONVERSION = YES;
				GCC_WARN_ABOUT_RETURN_TYPE = YES_ERROR;
				GCC_WARN_UNDECLARED_SELECTOR = YES;
				GCC_WARN_UNINITIALIZED_AUTOS = YES_AGGRESSIVE;
				GCC_WARN_UNUSED_FUNCTION = YES;
				GCC_WARN_UNUSED_VARIABLE = YES;
				IPHONEOS_DEPLOYMENT_TARGET = 13.2;
				MTL_ENABLE_DEBUG_INFO = NO;
				MTL_FAST_MATH = YES;
				SDKROOT = iphoneos;
				SWIFT_COMPILATION_MODE = wholemodule;
				SWIFT_OPTIMIZATION_LEVEL = "-O";
				VALIDATE_PRODUCT = YES;
			};
			name = Release;
		};
		D283412D238CA3BF00C992F0 /* Debug */ = {
			isa = XCBuildConfiguration;
			buildSettings = {
				ASSETCATALOG_COMPILER_APPICON_NAME = AppIcon;
				CODE_SIGN_STYLE = Automatic;
				DEVELOPMENT_TEAM = X624DC2Z35;
				INFOPLIST_FILE = MemeMaker/Info.plist;
				LD_RUNPATH_SEARCH_PATHS = (
					"$(inherited)",
					"@executable_path/Frameworks",
				);
				PRODUCT_BUNDLE_IDENTIFIER = ojcar.MemeMaker;
				PRODUCT_NAME = "$(TARGET_NAME)";
				SWIFT_VERSION = 5.0;
				TARGETED_DEVICE_FAMILY = "1,2";
			};
			name = Debug;
		};
		D283412E238CA3BF00C992F0 /* Release */ = {
			isa = XCBuildConfiguration;
			buildSettings = {
				ASSETCATALOG_COMPILER_APPICON_NAME = AppIcon;
				CODE_SIGN_STYLE = Automatic;
				DEVELOPMENT_TEAM = X624DC2Z35;
				INFOPLIST_FILE = MemeMaker/Info.plist;
				LD_RUNPATH_SEARCH_PATHS = (
					"$(inherited)",
					"@executable_path/Frameworks",
				);
				PRODUCT_BUNDLE_IDENTIFIER = ojcar.MemeMaker;
				PRODUCT_NAME = "$(TARGET_NAME)";
				SWIFT_VERSION = 5.0;
				TARGETED_DEVICE_FAMILY = "1,2";
			};
			name = Release;
		};
		D2834130238CA3BF00C992F0 /* Debug */ = {
			isa = XCBuildConfiguration;
			buildSettings = {
				ALWAYS_EMBED_SWIFT_STANDARD_LIBRARIES = YES;
				BUNDLE_LOADER = "$(TEST_HOST)";
				CODE_SIGN_STYLE = Automatic;
				DEVELOPMENT_TEAM = X624DC2Z35;
				INFOPLIST_FILE = MemeMakerTests/Info.plist;
				IPHONEOS_DEPLOYMENT_TARGET = 13.2;
				LD_RUNPATH_SEARCH_PATHS = (
					"$(inherited)",
					"@executable_path/Frameworks",
					"@loader_path/Frameworks",
				);
				PRODUCT_BUNDLE_IDENTIFIER = ojcar.MemeMakerTests;
				PRODUCT_NAME = "$(TARGET_NAME)";
				SWIFT_VERSION = 5.0;
				TARGETED_DEVICE_FAMILY = "1,2";
				TEST_HOST = "$(BUILT_PRODUCTS_DIR)/MemeMaker.app/MemeMaker";
			};
			name = Debug;
		};
		D2834131238CA3BF00C992F0 /* Release */ = {
			isa = XCBuildConfiguration;
			buildSettings = {
				ALWAYS_EMBED_SWIFT_STANDARD_LIBRARIES = YES;
				BUNDLE_LOADER = "$(TEST_HOST)";
				CODE_SIGN_STYLE = Automatic;
				DEVELOPMENT_TEAM = X624DC2Z35;
				INFOPLIST_FILE = MemeMakerTests/Info.plist;
				IPHONEOS_DEPLOYMENT_TARGET = 13.2;
				LD_RUNPATH_SEARCH_PATHS = (
					"$(inherited)",
					"@executable_path/Frameworks",
					"@loader_path/Frameworks",
				);
				PRODUCT_BUNDLE_IDENTIFIER = ojcar.MemeMakerTests;
				PRODUCT_NAME = "$(TARGET_NAME)";
				SWIFT_VERSION = 5.0;
				TARGETED_DEVICE_FAMILY = "1,2";
				TEST_HOST = "$(BUILT_PRODUCTS_DIR)/MemeMaker.app/MemeMaker";
			};
			name = Release;
		};
/* End XCBuildConfiguration section */

/* Begin XCConfigurationList section */
		D2834108238CA3BD00C992F0 /* Build configuration list for PBXProject "MemeMaker" */ = {
			isa = XCConfigurationList;
			buildConfigurations = (
				D283412A238CA3BF00C992F0 /* Debug */,
				D283412B238CA3BF00C992F0 /* Release */,
			);
			defaultConfigurationIsVisible = 0;
			defaultConfigurationName = Release;
		};
		D283412C238CA3BF00C992F0 /* Build configuration list for PBXNativeTarget "MemeMaker" */ = {
			isa = XCConfigurationList;
			buildConfigurations = (
				D283412D238CA3BF00C992F0 /* Debug */,
				D283412E238CA3BF00C992F0 /* Release */,
			);
			defaultConfigurationIsVisible = 0;
			defaultConfigurationName = Release;
		};
		D283412F238CA3BF00C992F0 /* Build configuration list for PBXNativeTarget "MemeMakerTests" */ = {
			isa = XCConfigurationList;
			buildConfigurations = (
				D2834130238CA3BF00C992F0 /* Debug */,
				D2834131238CA3BF00C992F0 /* Release */,
			);
			defaultConfigurationIsVisible = 0;
			defaultConfigurationName = Release;
		};
/* End XCConfigurationList section */
	};
	rootObject = D2834105238CA3BD00C992F0 /* Project object */;
}
